
Microsoft Visual Studio Solution File, Format Version 12.00
# Visual Studio Version 17
VisualStudioVersion = 17.1.32210.238
MinimumVisualStudioVersion = 10.0.40219.1
Project("{9A19103F-16F7-4668-BE54-9A1E7A4F7556}") = "Hw 4", "Hw 4\Hw 4.csproj", "{ED412AAD-D1E4-4A1F-9214-D509B83F60B0}"
EndProject
Project("{FAE04EC0-301F-11D3-BF4B-00C04F79EFBC}") = "Hw 4.Test", "Hw 4.Test\Hw 4.Test.csproj", "{C1258244-8E3D-47FB-ABD8-E3C7BBC1B0C2}"
EndProject
Global
	GlobalSection(SolutionConfigurationPlatforms) = preSolution
		Debug|Any CPU = Debug|Any CPU
		Release|Any CPU = Release|Any CPU
	EndGlobalSection
	GlobalSection(ProjectConfigurationPlatforms) = postSolution
		{ED412AAD-D1E4-4A1F-9214-D509B83F60B0}.Debug|Any CPU.ActiveCfg = Debug|Any CPU
		{ED412AAD-D1E4-4A1F-9214-D509B83F60B0}.Debug|Any CPU.Build.0 = Debug|Any CPU
		{ED412AAD-D1E4-4A1F-9214-D509B83F60B0}.Release|Any CPU.ActiveCfg = Release|Any CPU
		{ED412AAD-D1E4-4A1F-9214-D509B83F60B0}.Release|Any CPU.Build.0 = Release|Any CPU
		{C1258244-8E3D-47FB-ABD8-E3C7BBC1B0C2}.Debug|Any CPU.ActiveCfg = Debug|Any CPU
		{C1258244-8E3D-47FB-ABD8-E3C7BBC1B0C2}.Debug|Any CPU.Build.0 = Debug|Any CPU
		{C1258244-8E3D-47FB-ABD8-E3C7BBC1B0C2}.Release|Any CPU.ActiveCfg = Release|Any CPU
		{C1258244-8E3D-47FB-ABD8-E3C7BBC1B0C2}.Release|Any CPU.Build.0 = Release|Any CPU
	EndGlobalSection
	GlobalSection(SolutionProperties) = preSolution
		HideSolutionNode = FALSE
	EndGlobalSection
	GlobalSection(ExtensibilityGlobals) = postSolution
		SolutionGuid = {84778C24-BF13-4927-AEEC-4A2BEC5567F9}
	EndGlobalSection
EndGlobal
